
Microsoft Visual Studio Solution File, Format Version 11.00
# Visual Studio 2010
Project("{8BC9CEB8-8B4A-11D0-8D11-00A0C91BC942}") = "UIInspector", "UIInspector.vcxproj", "{24EA28D3-5227-4C93-9005-7A612050BAEC}"
EndProject
Project("{8BC9CEB8-8B4A-11D0-8D11-00A0C91BC942}") = "Tester", "..\..\Tester\Tester\Tester.vcxproj", "{37350971-BE4D-42D8-AACE-1AFC43C5D3F8}"
EndProject
Global
	GlobalSection(SolutionConfigurationPlatforms) = preSolution
		Debug|Mixed Platforms = Debug|Mixed Platforms
		Debug|Win32 = Debug|Win32
		Debug|x86 = Debug|x86
		Release|Mixed Platforms = Release|Mixed Platforms
		Release|Win32 = Release|Win32
		Release|x86 = Release|x86
	EndGlobalSection
	GlobalSection(ProjectConfigurationPlatforms) = postSolution
		{24EA28D3-5227-4C93-9005-7A612050BAEC}.Debug|Mixed Platforms.ActiveCfg = Debug|Win32
		{24EA28D3-5227-4C93-9005-7A612050BAEC}.Debug|Mixed Platforms.Build.0 = Debug|Win32
		{24EA28D3-5227-4C93-9005-7A612050BAEC}.Debug|Win32.ActiveCfg = Debug|Win32
		{24EA28D3-5227-4C93-9005-7A612050BAEC}.Debug|Win32.Build.0 = Debug|Win32
		{24EA28D3-5227-4C93-9005-7A612050BAEC}.Debug|x86.ActiveCfg = Debug|Win32
		{24EA28D3-5227-4C93-9005-7A612050BAEC}.Release|Mixed Platforms.ActiveCfg = Release|Win32
		{24EA28D3-5227-4C93-9005-7A612050BAEC}.Release|Mixed Platforms.Build.0 = Release|Win32
		{24EA28D3-5227-4C93-9005-7A612050BAEC}.Release|Win32.ActiveCfg = Release|Win32
		{24EA28D3-5227-4C93-9005-7A612050BAEC}.Release|Win32.Build.0 = Release|Win32
		{24EA28D3-5227-4C93-9005-7A612050BAEC}.Release|x86.ActiveCfg = Release|Win32
		{37350971-BE4D-42D8-AACE-1AFC43C5D3F8}.Debug|Mixed Platforms.ActiveCfg = Debug|Win32
		{37350971-BE4D-42D8-AACE-1AFC43C5D3F8}.Debug|Mixed Platforms.Build.0 = Debug|Win32
		{37350971-BE4D-42D8-AACE-1AFC43C5D3F8}.Debug|Win32.ActiveCfg = Debug|Win32
		{37350971-BE4D-42D8-AACE-1AFC43C5D3F8}.Debug|Win32.Build.0 = Debug|Win32
		{37350971-BE4D-42D8-AACE-1AFC43C5D3F8}.Debug|x86.ActiveCfg = Debug|Win32
		{37350971-BE4D-42D8-AACE-1AFC43C5D3F8}.Release|Mixed Platforms.ActiveCfg = Release|Win32
		{37350971-BE4D-42D8-AACE-1AFC43C5D3F8}.Release|Mixed Platforms.Build.0 = Release|Win32
		{37350971-BE4D-42D8-AACE-1AFC43C5D3F8}.Release|Win32.ActiveCfg = Release|Win32
		{37350971-BE4D-42D8-AACE-1AFC43C5D3F8}.Release|Win32.Build.0 = Release|Win32
		{37350971-BE4D-42D8-AACE-1AFC43C5D3F8}.Release|x86.ActiveCfg = Release|Win32
	EndGlobalSection
	GlobalSection(SolutionProperties) = preSolution
		HideSolutionNode = FALSE
	EndGlobalSection
EndGlobal
